
Microsoft Visual Studio Solution File, Format Version 12.00
# Visual Studio Version 16
VisualStudioVersion = 16.0.30011.22
MinimumVisualStudioVersion = 10.0.40219.1
Project("{FAE04EC0-301F-11D3-BF4B-00C04F79EFBC}") = "HolaMundo", "HolaMundo\HolaMundo.csproj", "{3DF4911D-71C4-45F5-99D8-16A64ACF8DB5}"
EndProject
Project("{FAE04EC0-301F-11D3-BF4B-00C04F79EFBC}") = "HumanResources", "HumanResources\HumanResources.csproj", "{24E519E3-C38F-4AB4-B32A-A9092252B784}"
EndProject
Project("{FAE04EC0-301F-11D3-BF4B-00C04F79EFBC}") = "Birthdays", "Birthdays\Birthdays.csproj", "{ADB607CA-3CD5-441E-81CC-48BA4FC93944}"
EndProject
Project("{FAE04EC0-301F-11D3-BF4B-00C04F79EFBC}") = "SumaSerie", "SumaSerie\SumaSerie.csproj", "{6C66F12F-E33D-4AE5-A2BF-A341BBB64B84}"
EndProject
Project("{FAE04EC0-301F-11D3-BF4B-00C04F79EFBC}") = "DemoObserver", "DemoObserver\DemoObserver.csproj", "{33718B1D-C513-4C0B-9946-8C67334AC831}"
EndProject
Project("{FAE04EC0-301F-11D3-BF4B-00C04F79EFBC}") = "Lottery", "Lottery\Lottery.csproj", "{738CF75C-FB82-4A27-8272-2A74AD3071B8}"
EndProject
Project("{2150E333-8FDC-42A3-9474-1A3956D46DE8}") = "Console", "Console", "{0FE31C1F-48B3-40F7-9825-C2C7CB1E3C13}"
EndProject
Project("{2150E333-8FDC-42A3-9474-1A3956D46DE8}") = "WPF", "WPF", "{73BAB4C0-0226-42B5-98B1-D07CBEC08075}"
EndProject
Project("{FAE04EC0-301F-11D3-BF4B-00C04F79EFBC}") = "WPFDemo", "WPFDemo\WPFDemo.csproj", "{E8FAAE3A-1676-4518-8FFF-94986101D9A0}"
EndProject
Project("{FAE04EC0-301F-11D3-BF4B-00C04F79EFBC}") = "Agenda", "Agenda\Agenda.csproj", "{224F64AC-9DE4-424B-8865-097AFC9E2909}"
EndProject
Project("{FAE04EC0-301F-11D3-BF4B-00C04F79EFBC}") = "Formas", "Formas\Formas.csproj", "{C86C69E4-638D-4418-B09A-488B4F4B1E7C}"
EndProject
Project("{FAE04EC0-301F-11D3-BF4B-00C04F79EFBC}") = "VolumeMeter", "VolumeMeter\VolumeMeter.csproj", "{852B35F9-A1A5-451E-BB92-3F3CEC6C5BD6}"
EndProject
Project("{FAE04EC0-301F-11D3-BF4B-00C04F79EFBC}") = "DragAndDrop", "DragAndDrop\DragAndDrop.csproj", "{DC3F19D4-FFF9-4137-9CE7-7F3250315E46}"
EndProject
Project("{FAE04EC0-301F-11D3-BF4B-00C04F79EFBC}") = "Snake", "Snake\Snake.csproj", "{16DDCB46-C9F6-40D5-AABC-9E56A3BD8509}"
EndProject
Project("{2150E333-8FDC-42A3-9474-1A3956D46DE8}") = "Ink", "Ink", "{198684CD-91FC-40DC-807C-392AE2B5FFAC}"
EndProject
Project("{FAE04EC0-301F-11D3-BF4B-00C04F79EFBC}") = "DemoInkCanvas", "DemoInkCanvas\DemoInkCanvas.csproj", "{C6C733E0-D78B-4958-9374-E5C23CB15552}"
EndProject
Project("{FAE04EC0-301F-11D3-BF4B-00C04F79EFBC}") = "DemoInkRecog", "DemoInkRecog\DemoInkRecog.csproj", "{9C74454A-3CA1-452A-AD7C-01BAE8B25D3C}"
EndProject
Project("{FAE04EC0-301F-11D3-BF4B-00C04F79EFBC}") = "Calculator", "Calculator\Calculator.csproj", "{72B42DDC-6218-4843-8756-A7F939019F6E}"
EndProject
Project("{2150E333-8FDC-42A3-9474-1A3956D46DE8}") = "Speech", "Speech", "{0E0895A7-2D78-4C39-B0EF-403FA77105EC}"
EndProject
Project("{FAE04EC0-301F-11D3-BF4B-00C04F79EFBC}") = "DemoSynthesis", "DemoSynthesis\DemoSynthesis.csproj", "{FAD32398-7B05-4A0C-ADA3-30E505870751}"
EndProject
Project("{FAE04EC0-301F-11D3-BF4B-00C04F79EFBC}") = "DemoSpeechRecogShared", "DemoSpeechRecogShared\DemoSpeechRecogShared.csproj", "{411D9B32-4B58-4A1B-8C66-25DA1FC5D2E3}"
EndProject
Project("{FAE04EC0-301F-11D3-BF4B-00C04F79EFBC}") = "DemoSpeechRecogOwn", "DemoSpeechRecogOwn\DemoSpeechRecogOwn.csproj", "{C97D5813-6034-491B-87D5-ED750F73AF2C}"
EndProject
Project("{FAE04EC0-301F-11D3-BF4B-00C04F79EFBC}") = "ReservaVuelos", "ReservaVuelos\ReservaVuelos.csproj", "{B0F5DCF9-4843-4A6F-8951-25CA9CCD3F8B}"
EndProject
Project("{2150E333-8FDC-42A3-9474-1A3956D46DE8}") = "Udpmote", "Udpmote", "{21231469-6B90-4C5E-8E4D-BCFD4948979A}"
EndProject
Project("{FAE04EC0-301F-11D3-BF4B-00C04F79EFBC}") = "UdpmoteLib", "UdpmoteLib\UdpmoteLib.csproj", "{F231BD40-B0FA-447E-8A7B-351B4E8913F4}"
EndProject
Project("{FAE04EC0-301F-11D3-BF4B-00C04F79EFBC}") = "DemoBotones", "DemoBotones\DemoBotones.csproj", "{8AC02195-CCCA-4019-8B10-21AC096F6748}"
EndProject
Project("{FAE04EC0-301F-11D3-BF4B-00C04F79EFBC}") = "UdpmoteLevel", "UdpmoteLevel\UdpmoteLevel.csproj", "{CC54591B-4A98-4B0F-BE4B-70D68F6C98EE}"
EndProject
Project("{FAE04EC0-301F-11D3-BF4B-00C04F79EFBC}") = "UdpmoteGestureLib", "UdpmoteGestureLib\UdpmoteGestureLib.csproj", "{939CE783-7647-45C1-9452-B2765AE2909F}"
EndProject
Project("{FAE04EC0-301F-11D3-BF4B-00C04F79EFBC}") = "UdpmoteGestureTrainer", "UdpmoteGestureTrainer\UdpmoteGestureTrainer.csproj", "{3B89D94C-7901-41B5-9EF3-DD190D9D6A1C}"
EndProject
Project("{FAE04EC0-301F-11D3-BF4B-00C04F79EFBC}") = "UdpmoteGestureRecognizer", "UdpmoteGestureRecognizer\UdpmoteGestureRecognizer.csproj", "{A1EF7C78-1FA9-492D-A511-FFEC29D465DF}"
EndProject
Global
	GlobalSection(SolutionConfigurationPlatforms) = preSolution
		Debug|Any CPU = Debug|Any CPU
		Debug|x86 = Debug|x86
		Release|Any CPU = Release|Any CPU
		Release|x86 = Release|x86
	EndGlobalSection
	GlobalSection(ProjectConfigurationPlatforms) = postSolution
		{3DF4911D-71C4-45F5-99D8-16A64ACF8DB5}.Debug|Any CPU.ActiveCfg = Debug|Any CPU
		{3DF4911D-71C4-45F5-99D8-16A64ACF8DB5}.Debug|Any CPU.Build.0 = Debug|Any CPU
		{3DF4911D-71C4-45F5-99D8-16A64ACF8DB5}.Debug|x86.ActiveCfg = Debug|Any CPU
		{3DF4911D-71C4-45F5-99D8-16A64ACF8DB5}.Debug|x86.Build.0 = Debug|Any CPU
		{3DF4911D-71C4-45F5-99D8-16A64ACF8DB5}.Release|Any CPU.ActiveCfg = Release|Any CPU
		{3DF4911D-71C4-45F5-99D8-16A64ACF8DB5}.Release|Any CPU.Build.0 = Release|Any CPU
		{3DF4911D-71C4-45F5-99D8-16A64ACF8DB5}.Release|x86.ActiveCfg = Release|Any CPU
		{3DF4911D-71C4-45F5-99D8-16A64ACF8DB5}.Release|x86.Build.0 = Release|Any CPU
		{24E519E3-C38F-4AB4-B32A-A9092252B784}.Debug|Any CPU.ActiveCfg = Debug|Any CPU
		{24E519E3-C38F-4AB4-B32A-A9092252B784}.Debug|Any CPU.Build.0 = Debug|Any CPU
		{24E519E3-C38F-4AB4-B32A-A9092252B784}.Debug|x86.ActiveCfg = Debug|Any CPU
		{24E519E3-C38F-4AB4-B32A-A9092252B784}.Debug|x86.Build.0 = Debug|Any CPU
		{24E519E3-C38F-4AB4-B32A-A9092252B784}.Release|Any CPU.ActiveCfg = Release|Any CPU
		{24E519E3-C38F-4AB4-B32A-A9092252B784}.Release|Any CPU.Build.0 = Release|Any CPU
		{24E519E3-C38F-4AB4-B32A-A9092252B784}.Release|x86.ActiveCfg = Release|Any CPU
		{24E519E3-C38F-4AB4-B32A-A9092252B784}.Release|x86.Build.0 = Release|Any CPU
		{ADB607CA-3CD5-441E-81CC-48BA4FC93944}.Debug|Any CPU.ActiveCfg = Debug|Any CPU
		{ADB607CA-3CD5-441E-81CC-48BA4FC93944}.Debug|Any CPU.Build.0 = Debug|Any CPU
		{ADB607CA-3CD5-441E-81CC-48BA4FC93944}.Debug|x86.ActiveCfg = Debug|Any CPU
		{ADB607CA-3CD5-441E-81CC-48BA4FC93944}.Debug|x86.Build.0 = Debug|Any CPU
		{ADB607CA-3CD5-441E-81CC-48BA4FC93944}.Release|Any CPU.ActiveCfg = Release|Any CPU
		{ADB607CA-3CD5-441E-81CC-48BA4FC93944}.Release|Any CPU.Build.0 = Release|Any CPU
		{ADB607CA-3CD5-441E-81CC-48BA4FC93944}.Release|x86.ActiveCfg = Release|Any CPU
		{ADB607CA-3CD5-441E-81CC-48BA4FC93944}.Release|x86.Build.0 = Release|Any CPU
		{6C66F12F-E33D-4AE5-A2BF-A341BBB64B84}.Debug|Any CPU.ActiveCfg = Debug|Any CPU
		{6C66F12F-E33D-4AE5-A2BF-A341BBB64B84}.Debug|Any CPU.Build.0 = Debug|Any CPU
		{6C66F12F-E33D-4AE5-A2BF-A341BBB64B84}.Debug|x86.ActiveCfg = Debug|Any CPU
		{6C66F12F-E33D-4AE5-A2BF-A341BBB64B84}.Debug|x86.Build.0 = Debug|Any CPU
		{6C66F12F-E33D-4AE5-A2BF-A341BBB64B84}.Release|Any CPU.ActiveCfg = Release|Any CPU
		{6C66F12F-E33D-4AE5-A2BF-A341BBB64B84}.Release|Any CPU.Build.0 = Release|Any CPU
		{6C66F12F-E33D-4AE5-A2BF-A341BBB64B84}.Release|x86.ActiveCfg = Release|Any CPU
		{6C66F12F-E33D-4AE5-A2BF-A341BBB64B84}.Release|x86.Build.0 = Release|Any CPU
		{33718B1D-C513-4C0B-9946-8C67334AC831}.Debug|Any CPU.ActiveCfg = Debug|Any CPU
		{33718B1D-C513-4C0B-9946-8C67334AC831}.Debug|Any CPU.Build.0 = Debug|Any CPU
		{33718B1D-C513-4C0B-9946-8C67334AC831}.Debug|x86.ActiveCfg = Debug|Any CPU
		{33718B1D-C513-4C0B-9946-8C67334AC831}.Debug|x86.Build.0 = Debug|Any CPU
		{33718B1D-C513-4C0B-9946-8C67334AC831}.Release|Any CPU.ActiveCfg = Release|Any CPU
		{33718B1D-C513-4C0B-9946-8C67334AC831}.Release|Any CPU.Build.0 = Release|Any CPU
		{33718B1D-C513-4C0B-9946-8C67334AC831}.Release|x86.ActiveCfg = Release|Any CPU
		{33718B1D-C513-4C0B-9946-8C67334AC831}.Release|x86.Build.0 = Release|Any CPU
		{738CF75C-FB82-4A27-8272-2A74AD3071B8}.Debug|Any CPU.ActiveCfg = Debug|Any CPU
		{738CF75C-FB82-4A27-8272-2A74AD3071B8}.Debug|Any CPU.Build.0 = Debug|Any CPU
		{738CF75C-FB82-4A27-8272-2A74AD3071B8}.Debug|x86.ActiveCfg = Debug|Any CPU
		{738CF75C-FB82-4A27-8272-2A74AD3071B8}.Debug|x86.Build.0 = Debug|Any CPU
		{738CF75C-FB82-4A27-8272-2A74AD3071B8}.Release|Any CPU.ActiveCfg = Release|Any CPU
		{738CF75C-FB82-4A27-8272-2A74AD3071B8}.Release|Any CPU.Build.0 = Release|Any CPU
		{738CF75C-FB82-4A27-8272-2A74AD3071B8}.Release|x86.ActiveCfg = Release|Any CPU
		{738CF75C-FB82-4A27-8272-2A74AD3071B8}.Release|x86.Build.0 = Release|Any CPU
		{E8FAAE3A-1676-4518-8FFF-94986101D9A0}.Debug|Any CPU.ActiveCfg = Debug|Any CPU
		{E8FAAE3A-1676-4518-8FFF-94986101D9A0}.Debug|Any CPU.Build.0 = Debug|Any CPU
		{E8FAAE3A-1676-4518-8FFF-94986101D9A0}.Debug|x86.ActiveCfg = Debug|Any CPU
		{E8FAAE3A-1676-4518-8FFF-94986101D9A0}.Debug|x86.Build.0 = Debug|Any CPU
		{E8FAAE3A-1676-4518-8FFF-94986101D9A0}.Release|Any CPU.ActiveCfg = Release|Any CPU
		{E8FAAE3A-1676-4518-8FFF-94986101D9A0}.Release|Any CPU.Build.0 = Release|Any CPU
		{E8FAAE3A-1676-4518-8FFF-94986101D9A0}.Release|x86.ActiveCfg = Release|Any CPU
		{E8FAAE3A-1676-4518-8FFF-94986101D9A0}.Release|x86.Build.0 = Release|Any CPU
		{224F64AC-9DE4-424B-8865-097AFC9E2909}.Debug|Any CPU.ActiveCfg = Debug|Any CPU
		{224F64AC-9DE4-424B-8865-097AFC9E2909}.Debug|Any CPU.Build.0 = Debug|Any CPU
		{224F64AC-9DE4-424B-8865-097AFC9E2909}.Debug|x86.ActiveCfg = Debug|Any CPU
		{224F64AC-9DE4-424B-8865-097AFC9E2909}.Debug|x86.Build.0 = Debug|Any CPU
		{224F64AC-9DE4-424B-8865-097AFC9E2909}.Release|Any CPU.ActiveCfg = Release|Any CPU
		{224F64AC-9DE4-424B-8865-097AFC9E2909}.Release|Any CPU.Build.0 = Release|Any CPU
		{224F64AC-9DE4-424B-8865-097AFC9E2909}.Release|x86.ActiveCfg = Release|Any CPU
		{224F64AC-9DE4-424B-8865-097AFC9E2909}.Release|x86.Build.0 = Release|Any CPU
		{C86C69E4-638D-4418-B09A-488B4F4B1E7C}.Debug|Any CPU.ActiveCfg = Debug|Any CPU
		{C86C69E4-638D-4418-B09A-488B4F4B1E7C}.Debug|Any CPU.Build.0 = Debug|Any CPU
		{C86C69E4-638D-4418-B09A-488B4F4B1E7C}.Debug|x86.ActiveCfg = Debug|Any CPU
		{C86C69E4-638D-4418-B09A-488B4F4B1E7C}.Debug|x86.Build.0 = Debug|Any CPU
		{C86C69E4-638D-4418-B09A-488B4F4B1E7C}.Release|Any CPU.ActiveCfg = Release|Any CPU
		{C86C69E4-638D-4418-B09A-488B4F4B1E7C}.Release|Any CPU.Build.0 = Release|Any CPU
		{C86C69E4-638D-4418-B09A-488B4F4B1E7C}.Release|x86.ActiveCfg = Release|Any CPU
		{C86C69E4-638D-4418-B09A-488B4F4B1E7C}.Release|x86.Build.0 = Release|Any CPU
		{852B35F9-A1A5-451E-BB92-3F3CEC6C5BD6}.Debug|Any CPU.ActiveCfg = Debug|Any CPU
		{852B35F9-A1A5-451E-BB92-3F3CEC6C5BD6}.Debug|Any CPU.Build.0 = Debug|Any CPU
		{852B35F9-A1A5-451E-BB92-3F3CEC6C5BD6}.Debug|x86.ActiveCfg = Debug|Any CPU
		{852B35F9-A1A5-451E-BB92-3F3CEC6C5BD6}.Debug|x86.Build.0 = Debug|Any CPU
		{852B35F9-A1A5-451E-BB92-3F3CEC6C5BD6}.Release|Any CPU.ActiveCfg = Release|Any CPU
		{852B35F9-A1A5-451E-BB92-3F3CEC6C5BD6}.Release|Any CPU.Build.0 = Release|Any CPU
		{852B35F9-A1A5-451E-BB92-3F3CEC6C5BD6}.Release|x86.ActiveCfg = Release|Any CPU
		{852B35F9-A1A5-451E-BB92-3F3CEC6C5BD6}.Release|x86.Build.0 = Release|Any CPU
		{DC3F19D4-FFF9-4137-9CE7-7F3250315E46}.Debug|Any CPU.ActiveCfg = Debug|Any CPU
		{DC3F19D4-FFF9-4137-9CE7-7F3250315E46}.Debug|Any CPU.Build.0 = Debug|Any CPU
		{DC3F19D4-FFF9-4137-9CE7-7F3250315E46}.Debug|x86.ActiveCfg = Debug|Any CPU
		{DC3F19D4-FFF9-4137-9CE7-7F3250315E46}.Debug|x86.Build.0 = Debug|Any CPU
		{DC3F19D4-FFF9-4137-9CE7-7F3250315E46}.Release|Any CPU.ActiveCfg = Release|Any CPU
		{DC3F19D4-FFF9-4137-9CE7-7F3250315E46}.Release|Any CPU.Build.0 = Release|Any CPU
		{DC3F19D4-FFF9-4137-9CE7-7F3250315E46}.Release|x86.ActiveCfg = Release|Any CPU
		{DC3F19D4-FFF9-4137-9CE7-7F3250315E46}.Release|x86.Build.0 = Release|Any CPU
		{16DDCB46-C9F6-40D5-AABC-9E56A3BD8509}.Debug|Any CPU.ActiveCfg = Debug|Any CPU
		{16DDCB46-C9F6-40D5-AABC-9E56A3BD8509}.Debug|Any CPU.Build.0 = Debug|Any CPU
		{16DDCB46-C9F6-40D5-AABC-9E56A3BD8509}.Debug|x86.ActiveCfg = Debug|Any CPU
		{16DDCB46-C9F6-40D5-AABC-9E56A3BD8509}.Debug|x86.Build.0 = Debug|Any CPU
		{16DDCB46-C9F6-40D5-AABC-9E56A3BD8509}.Release|Any CPU.ActiveCfg = Release|Any CPU
		{16DDCB46-C9F6-40D5-AABC-9E56A3BD8509}.Release|Any CPU.Build.0 = Release|Any CPU
		{16DDCB46-C9F6-40D5-AABC-9E56A3BD8509}.Release|x86.ActiveCfg = Release|Any CPU
		{16DDCB46-C9F6-40D5-AABC-9E56A3BD8509}.Release|x86.Build.0 = Release|Any CPU
		{C6C733E0-D78B-4958-9374-E5C23CB15552}.Debug|Any CPU.ActiveCfg = Debug|Any CPU
		{C6C733E0-D78B-4958-9374-E5C23CB15552}.Debug|Any CPU.Build.0 = Debug|Any CPU
		{C6C733E0-D78B-4958-9374-E5C23CB15552}.Debug|x86.ActiveCfg = Debug|Any CPU
		{C6C733E0-D78B-4958-9374-E5C23CB15552}.Debug|x86.Build.0 = Debug|Any CPU
		{C6C733E0-D78B-4958-9374-E5C23CB15552}.Release|Any CPU.ActiveCfg = Release|Any CPU
		{C6C733E0-D78B-4958-9374-E5C23CB15552}.Release|Any CPU.Build.0 = Release|Any CPU
		{C6C733E0-D78B-4958-9374-E5C23CB15552}.Release|x86.ActiveCfg = Release|Any CPU
		{C6C733E0-D78B-4958-9374-E5C23CB15552}.Release|x86.Build.0 = Release|Any CPU
		{9C74454A-3CA1-452A-AD7C-01BAE8B25D3C}.Debug|Any CPU.ActiveCfg = Debug|Any CPU
		{9C74454A-3CA1-452A-AD7C-01BAE8B25D3C}.Debug|Any CPU.Build.0 = Debug|Any CPU
		{9C74454A-3CA1-452A-AD7C-01BAE8B25D3C}.Debug|x86.ActiveCfg = Debug|Any CPU
		{9C74454A-3CA1-452A-AD7C-01BAE8B25D3C}.Debug|x86.Build.0 = Debug|Any CPU
		{9C74454A-3CA1-452A-AD7C-01BAE8B25D3C}.Release|Any CPU.ActiveCfg = Release|Any CPU
		{9C74454A-3CA1-452A-AD7C-01BAE8B25D3C}.Release|Any CPU.Build.0 = Release|Any CPU
		{9C74454A-3CA1-452A-AD7C-01BAE8B25D3C}.Release|x86.ActiveCfg = Release|Any CPU
		{9C74454A-3CA1-452A-AD7C-01BAE8B25D3C}.Release|x86.Build.0 = Release|Any CPU
		{72B42DDC-6218-4843-8756-A7F939019F6E}.Debug|Any CPU.ActiveCfg = Debug|Any CPU
		{72B42DDC-6218-4843-8756-A7F939019F6E}.Debug|Any CPU.Build.0 = Debug|Any CPU
		{72B42DDC-6218-4843-8756-A7F939019F6E}.Debug|x86.ActiveCfg = Debug|Any CPU
		{72B42DDC-6218-4843-8756-A7F939019F6E}.Debug|x86.Build.0 = Debug|Any CPU
		{72B42DDC-6218-4843-8756-A7F939019F6E}.Release|Any CPU.ActiveCfg = Release|Any CPU
		{72B42DDC-6218-4843-8756-A7F939019F6E}.Release|Any CPU.Build.0 = Release|Any CPU
		{72B42DDC-6218-4843-8756-A7F939019F6E}.Release|x86.ActiveCfg = Release|Any CPU
		{72B42DDC-6218-4843-8756-A7F939019F6E}.Release|x86.Build.0 = Release|Any CPU
		{FAD32398-7B05-4A0C-ADA3-30E505870751}.Debug|Any CPU.ActiveCfg = Debug|Any CPU
		{FAD32398-7B05-4A0C-ADA3-30E505870751}.Debug|Any CPU.Build.0 = Debug|Any CPU
		{FAD32398-7B05-4A0C-ADA3-30E505870751}.Debug|x86.ActiveCfg = Debug|Any CPU
		{FAD32398-7B05-4A0C-ADA3-30E505870751}.Debug|x86.Build.0 = Debug|Any CPU
		{FAD32398-7B05-4A0C-ADA3-30E505870751}.Release|Any CPU.ActiveCfg = Release|Any CPU
		{FAD32398-7B05-4A0C-ADA3-30E505870751}.Release|Any CPU.Build.0 = Release|Any CPU
		{FAD32398-7B05-4A0C-ADA3-30E505870751}.Release|x86.ActiveCfg = Release|Any CPU
		{FAD32398-7B05-4A0C-ADA3-30E505870751}.Release|x86.Build.0 = Release|Any CPU
		{411D9B32-4B58-4A1B-8C66-25DA1FC5D2E3}.Debug|Any CPU.ActiveCfg = Debug|Any CPU
		{411D9B32-4B58-4A1B-8C66-25DA1FC5D2E3}.Debug|Any CPU.Build.0 = Debug|Any CPU
		{411D9B32-4B58-4A1B-8C66-25DA1FC5D2E3}.Debug|x86.ActiveCfg = Debug|Any CPU
		{411D9B32-4B58-4A1B-8C66-25DA1FC5D2E3}.Debug|x86.Build.0 = Debug|Any CPU
		{411D9B32-4B58-4A1B-8C66-25DA1FC5D2E3}.Release|Any CPU.ActiveCfg = Release|Any CPU
		{411D9B32-4B58-4A1B-8C66-25DA1FC5D2E3}.Release|Any CPU.Build.0 = Release|Any CPU
		{411D9B32-4B58-4A1B-8C66-25DA1FC5D2E3}.Release|x86.ActiveCfg = Release|Any CPU
		{411D9B32-4B58-4A1B-8C66-25DA1FC5D2E3}.Release|x86.Build.0 = Release|Any CPU
		{C97D5813-6034-491B-87D5-ED750F73AF2C}.Debug|Any CPU.ActiveCfg = Debug|Any CPU
		{C97D5813-6034-491B-87D5-ED750F73AF2C}.Debug|Any CPU.Build.0 = Debug|Any CPU
		{C97D5813-6034-491B-87D5-ED750F73AF2C}.Debug|x86.ActiveCfg = Debug|Any CPU
		{C97D5813-6034-491B-87D5-ED750F73AF2C}.Debug|x86.Build.0 = Debug|Any CPU
		{C97D5813-6034-491B-87D5-ED750F73AF2C}.Release|Any CPU.ActiveCfg = Release|Any CPU
		{C97D5813-6034-491B-87D5-ED750F73AF2C}.Release|Any CPU.Build.0 = Release|Any CPU
		{C97D5813-6034-491B-87D5-ED750F73AF2C}.Release|x86.ActiveCfg = Release|Any CPU
		{C97D5813-6034-491B-87D5-ED750F73AF2C}.Release|x86.Build.0 = Release|Any CPU
		{B0F5DCF9-4843-4A6F-8951-25CA9CCD3F8B}.Debug|Any CPU.ActiveCfg = Debug|Any CPU
		{B0F5DCF9-4843-4A6F-8951-25CA9CCD3F8B}.Debug|Any CPU.Build.0 = Debug|Any CPU
		{B0F5DCF9-4843-4A6F-8951-25CA9CCD3F8B}.Debug|x86.ActiveCfg = Debug|Any CPU
		{B0F5DCF9-4843-4A6F-8951-25CA9CCD3F8B}.Debug|x86.Build.0 = Debug|Any CPU
		{B0F5DCF9-4843-4A6F-8951-25CA9CCD3F8B}.Release|Any CPU.ActiveCfg = Release|Any CPU
		{B0F5DCF9-4843-4A6F-8951-25CA9CCD3F8B}.Release|Any CPU.Build.0 = Release|Any CPU
		{B0F5DCF9-4843-4A6F-8951-25CA9CCD3F8B}.Release|x86.ActiveCfg = Release|Any CPU
		{B0F5DCF9-4843-4A6F-8951-25CA9CCD3F8B}.Release|x86.Build.0 = Release|Any CPU
		{F231BD40-B0FA-447E-8A7B-351B4E8913F4}.Debug|Any CPU.ActiveCfg = Debug|Any CPU
		{F231BD40-B0FA-447E-8A7B-351B4E8913F4}.Debug|Any CPU.Build.0 = Debug|Any CPU
		{F231BD40-B0FA-447E-8A7B-351B4E8913F4}.Debug|x86.ActiveCfg = Debug|Any CPU
		{F231BD40-B0FA-447E-8A7B-351B4E8913F4}.Debug|x86.Build.0 = Debug|Any CPU
		{F231BD40-B0FA-447E-8A7B-351B4E8913F4}.Release|Any CPU.ActiveCfg = Release|Any CPU
		{F231BD40-B0FA-447E-8A7B-351B4E8913F4}.Release|Any CPU.Build.0 = Release|Any CPU
		{F231BD40-B0FA-447E-8A7B-351B4E8913F4}.Release|x86.ActiveCfg = Release|Any CPU
		{F231BD40-B0FA-447E-8A7B-351B4E8913F4}.Release|x86.Build.0 = Release|Any CPU
		{8AC02195-CCCA-4019-8B10-21AC096F6748}.Debug|Any CPU.ActiveCfg = Debug|Any CPU
		{8AC02195-CCCA-4019-8B10-21AC096F6748}.Debug|Any CPU.Build.0 = Debug|Any CPU
		{8AC02195-CCCA-4019-8B10-21AC096F6748}.Debug|x86.ActiveCfg = Debug|Any CPU
		{8AC02195-CCCA-4019-8B10-21AC096F6748}.Debug|x86.Build.0 = Debug|Any CPU
		{8AC02195-CCCA-4019-8B10-21AC096F6748}.Release|Any CPU.ActiveCfg = Release|Any CPU
		{8AC02195-CCCA-4019-8B10-21AC096F6748}.Release|Any CPU.Build.0 = Release|Any CPU
		{8AC02195-CCCA-4019-8B10-21AC096F6748}.Release|x86.ActiveCfg = Release|Any CPU
		{8AC02195-CCCA-4019-8B10-21AC096F6748}.Release|x86.Build.0 = Release|Any CPU
		{CC54591B-4A98-4B0F-BE4B-70D68F6C98EE}.Debug|Any CPU.ActiveCfg = Debug|Any CPU
		{CC54591B-4A98-4B0F-BE4B-70D68F6C98EE}.Debug|Any CPU.Build.0 = Debug|Any CPU
		{CC54591B-4A98-4B0F-BE4B-70D68F6C98EE}.Debug|x86.ActiveCfg = Debug|Any CPU
		{CC54591B-4A98-4B0F-BE4B-70D68F6C98EE}.Debug|x86.Build.0 = Debug|Any CPU
		{CC54591B-4A98-4B0F-BE4B-70D68F6C98EE}.Release|Any CPU.ActiveCfg = Release|Any CPU
		{CC54591B-4A98-4B0F-BE4B-70D68F6C98EE}.Release|Any CPU.Build.0 = Release|Any CPU
		{CC54591B-4A98-4B0F-BE4B-70D68F6C98EE}.Release|x86.ActiveCfg = Release|Any CPU
		{CC54591B-4A98-4B0F-BE4B-70D68F6C98EE}.Release|x86.Build.0 = Release|Any CPU
		{939CE783-7647-45C1-9452-B2765AE2909F}.Debug|Any CPU.ActiveCfg = Debug|Any CPU
		{939CE783-7647-45C1-9452-B2765AE2909F}.Debug|Any CPU.Build.0 = Debug|Any CPU
		{939CE783-7647-45C1-9452-B2765AE2909F}.Debug|x86.ActiveCfg = Debug|Any CPU
		{939CE783-7647-45C1-9452-B2765AE2909F}.Debug|x86.Build.0 = Debug|Any CPU
		{939CE783-7647-45C1-9452-B2765AE2909F}.Release|Any CPU.ActiveCfg = Release|Any CPU
		{939CE783-7647-45C1-9452-B2765AE2909F}.Release|Any CPU.Build.0 = Release|Any CPU
		{939CE783-7647-45C1-9452-B2765AE2909F}.Release|x86.ActiveCfg = Release|Any CPU
		{939CE783-7647-45C1-9452-B2765AE2909F}.Release|x86.Build.0 = Release|Any CPU
		{3B89D94C-7901-41B5-9EF3-DD190D9D6A1C}.Debug|Any CPU.ActiveCfg = Debug|Any CPU
		{3B89D94C-7901-41B5-9EF3-DD190D9D6A1C}.Debug|Any CPU.Build.0 = Debug|Any CPU
		{3B89D94C-7901-41B5-9EF3-DD190D9D6A1C}.Debug|x86.ActiveCfg = Debug|Any CPU
		{3B89D94C-7901-41B5-9EF3-DD190D9D6A1C}.Debug|x86.Build.0 = Debug|Any CPU
		{3B89D94C-7901-41B5-9EF3-DD190D9D6A1C}.Release|Any CPU.ActiveCfg = Release|Any CPU
		{3B89D94C-7901-41B5-9EF3-DD190D9D6A1C}.Release|Any CPU.Build.0 = Release|Any CPU
		{3B89D94C-7901-41B5-9EF3-DD190D9D6A1C}.Release|x86.ActiveCfg = Release|Any CPU
		{3B89D94C-7901-41B5-9EF3-DD190D9D6A1C}.Release|x86.Build.0 = Release|Any CPU
		{A1EF7C78-1FA9-492D-A511-FFEC29D465DF}.Debug|Any CPU.ActiveCfg = Debug|Any CPU
		{A1EF7C78-1FA9-492D-A511-FFEC29D465DF}.Debug|Any CPU.Build.0 = Debug|Any CPU
		{A1EF7C78-1FA9-492D-A511-FFEC29D465DF}.Debug|x86.ActiveCfg = Debug|Any CPU
		{A1EF7C78-1FA9-492D-A511-FFEC29D465DF}.Debug|x86.Build.0 = Debug|Any CPU
		{A1EF7C78-1FA9-492D-A511-FFEC29D465DF}.Release|Any CPU.ActiveCfg = Release|Any CPU
		{A1EF7C78-1FA9-492D-A511-FFEC29D465DF}.Release|Any CPU.Build.0 = Release|Any CPU
		{A1EF7C78-1FA9-492D-A511-FFEC29D465DF}.Release|x86.ActiveCfg = Release|Any CPU
		{A1EF7C78-1FA9-492D-A511-FFEC29D465DF}.Release|x86.Build.0 = Release|Any CPU
	EndGlobalSection
	GlobalSection(SolutionProperties) = preSolution
		HideSolutionNode = FALSE
	EndGlobalSection
	GlobalSection(NestedProjects) = preSolution
		{3DF4911D-71C4-45F5-99D8-16A64ACF8DB5} = {0FE31C1F-48B3-40F7-9825-C2C7CB1E3C13}
		{24E519E3-C38F-4AB4-B32A-A9092252B784} = {0FE31C1F-48B3-40F7-9825-C2C7CB1E3C13}
		{ADB607CA-3CD5-441E-81CC-48BA4FC93944} = {0FE31C1F-48B3-40F7-9825-C2C7CB1E3C13}
		{6C66F12F-E33D-4AE5-A2BF-A341BBB64B84} = {0FE31C1F-48B3-40F7-9825-C2C7CB1E3C13}
		{33718B1D-C513-4C0B-9946-8C67334AC831} = {0FE31C1F-48B3-40F7-9825-C2C7CB1E3C13}
		{738CF75C-FB82-4A27-8272-2A74AD3071B8} = {0FE31C1F-48B3-40F7-9825-C2C7CB1E3C13}
		{E8FAAE3A-1676-4518-8FFF-94986101D9A0} = {73BAB4C0-0226-42B5-98B1-D07CBEC08075}
		{224F64AC-9DE4-424B-8865-097AFC9E2909} = {73BAB4C0-0226-42B5-98B1-D07CBEC08075}
		{C86C69E4-638D-4418-B09A-488B4F4B1E7C} = {73BAB4C0-0226-42B5-98B1-D07CBEC08075}
		{852B35F9-A1A5-451E-BB92-3F3CEC6C5BD6} = {73BAB4C0-0226-42B5-98B1-D07CBEC08075}
		{DC3F19D4-FFF9-4137-9CE7-7F3250315E46} = {73BAB4C0-0226-42B5-98B1-D07CBEC08075}
		{16DDCB46-C9F6-40D5-AABC-9E56A3BD8509} = {73BAB4C0-0226-42B5-98B1-D07CBEC08075}
		{C6C733E0-D78B-4958-9374-E5C23CB15552} = {198684CD-91FC-40DC-807C-392AE2B5FFAC}
		{9C74454A-3CA1-452A-AD7C-01BAE8B25D3C} = {198684CD-91FC-40DC-807C-392AE2B5FFAC}
		{72B42DDC-6218-4843-8756-A7F939019F6E} = {198684CD-91FC-40DC-807C-392AE2B5FFAC}
		{FAD32398-7B05-4A0C-ADA3-30E505870751} = {0E0895A7-2D78-4C39-B0EF-403FA77105EC}
		{411D9B32-4B58-4A1B-8C66-25DA1FC5D2E3} = {0E0895A7-2D78-4C39-B0EF-403FA77105EC}
		{C97D5813-6034-491B-87D5-ED750F73AF2C} = {0E0895A7-2D78-4C39-B0EF-403FA77105EC}
		{B0F5DCF9-4843-4A6F-8951-25CA9CCD3F8B} = {0E0895A7-2D78-4C39-B0EF-403FA77105EC}
		{F231BD40-B0FA-447E-8A7B-351B4E8913F4} = {21231469-6B90-4C5E-8E4D-BCFD4948979A}
		{8AC02195-CCCA-4019-8B10-21AC096F6748} = {21231469-6B90-4C5E-8E4D-BCFD4948979A}
		{CC54591B-4A98-4B0F-BE4B-70D68F6C98EE} = {21231469-6B90-4C5E-8E4D-BCFD4948979A}
		{939CE783-7647-45C1-9452-B2765AE2909F} = {21231469-6B90-4C5E-8E4D-BCFD4948979A}
		{3B89D94C-7901-41B5-9EF3-DD190D9D6A1C} = {21231469-6B90-4C5E-8E4D-BCFD4948979A}
		{A1EF7C78-1FA9-492D-A511-FFEC29D465DF} = {21231469-6B90-4C5E-8E4D-BCFD4948979A}
	EndGlobalSection
	GlobalSection(ExtensibilityGlobals) = postSolution
		SolutionGuid = {F694851E-7589-4D32-822E-38BCA63F94E3}
	EndGlobalSection
EndGlobal
